{
  "name": "model-npm",
  "version": "1.0.0",
  "lockfileVersion": 2,
  "requires": true,
  "packages": {
    "": {
      "version": "1.0.0",
      "license": "ISC",
      "dependencies": {
        "@kennytilton/cells": "^3.0.0"
      }
    },
    "node_modules/@kennytilton/cells": {
      "version": "3.0.1",
      "resolved": "https://registry.npmjs.org/@kennytilton/cells/-/cells-3.0.1.tgz",
      "integrity": "sha512-wTal/3h7L+/7WlX4BZ1id4oSJFtWAmxLecKnjKC5A7i7TK+30q/0sSGX5eTC1BO32f089YBx8K0/EZB86amHVQ=="
    }
  },
  "dependencies": {
    "@kennytilton/cells": {
      "version": "3.0.1",
      "resolved": "https://registry.npmjs.org/@kennytilton/cells/-/cells-3.0.1.tgz",
      "integrity": "sha512-wTal/3h7L+/7WlX4BZ1id4oSJFtWAmxLecKnjKC5A7i7TK+30q/0sSGX5eTC1BO32f089YBx8K0/EZB86amHVQ=="
    }
  }
}
